// !$*UTF8*$!
{
	archiveVersion = 1;
	classes = {
	};
	objectVersion = 56;
	objects = {

/* Begin PBXBuildFile section */
		DA2B6536290C6FE800B72240 /* TableView.swift in Sources */ = {isa = PBXBuildFile; fileRef = DA2B6535290C6FE800B72240 /* TableView.swift */; };
		DA2B6538290C716700B72240 /* CarsView.swift in Sources */ = {isa = PBXBuildFile; fileRef = DA2B6537290C716700B72240 /* CarsView.swift */; };
		DA2B653A290C717D00B72240 /* GuestsView.swift in Sources */ = {isa = PBXBuildFile; fileRef = DA2B6539290C717D00B72240 /* GuestsView.swift */; };
		DA2B653C290C726200B72240 /* SettingsView.swift in Sources */ = {isa = PBXBuildFile; fileRef = DA2B653B290C726200B72240 /* SettingsView.swift */; };
		DA2FD166290C7E3A00A9F9CC /* GuestDetailsView.swift in Sources */ = {isa = PBXBuildFile; fileRef = DA2FD165290C7E3A00A9F9CC /* GuestDetailsView.swift */; };
		DA2FD168290C7E4D00A9F9CC /* CarDetailsView.swift in Sources */ = {isa = PBXBuildFile; fileRef = DA2FD167290C7E4D00A9F9CC /* CarDetailsView.swift */; };
		DA2FD16B290C82F100A9F9CC /* GuestModel.swift in Sources */ = {isa = PBXBuildFile; fileRef = DA2FD16A290C82F100A9F9CC /* GuestModel.swift */; };
		DA2FD16D290C852600A9F9CC /* Status.swift in Sources */ = {isa = PBXBuildFile; fileRef = DA2FD16C290C852600A9F9CC /* Status.swift */; };
		DA2FD16F290C869000A9F9CC /* GuestData.swift in Sources */ = {isa = PBXBuildFile; fileRef = DA2FD16E290C869000A9F9CC /* GuestData.swift */; };
		DA2FD172290C8D8800A9F9CC /* GuestListItemView.swift in Sources */ = {isa = PBXBuildFile; fileRef = DA2FD171290C8D8800A9F9CC /* GuestListItemView.swift */; };
		DA2FD174290D830B00A9F9CC /* CarListItemView.swift in Sources */ = {isa = PBXBuildFile; fileRef = DA2FD173290D830B00A9F9CC /* CarListItemView.swift */; };
		DA2FD176290D843A00A9F9CC /* CarModel.swift in Sources */ = {isa = PBXBuildFile; fileRef = DA2FD175290D843A00A9F9CC /* CarModel.swift */; };
		DA2FD178290D892E00A9F9CC /* CarsData.swift in Sources */ = {isa = PBXBuildFile; fileRef = DA2FD177290D892E00A9F9CC /* CarsData.swift */; };
		DA2FD17B290DAC7200A9F9CC /* DetailLineView.swift in Sources */ = {isa = PBXBuildFile; fileRef = DA2FD17A290DAC7200A9F9CC /* DetailLineView.swift */; };
		DA2FD17D290DAD3E00A9F9CC /* DetailsActionButtonView.swift in Sources */ = {isa = PBXBuildFile; fileRef = DA2FD17C290DAD3E00A9F9CC /* DetailsActionButtonView.swift */; };
		DAB6DE9F29043E9700E6CC8B /* iGuardApp.swift in Sources */ = {isa = PBXBuildFile; fileRef = DAB6DE9E29043E9700E6CC8B /* iGuardApp.swift */; };
		DAB6DEA129043E9700E6CC8B /* ContentView.swift in Sources */ = {isa = PBXBuildFile; fileRef = DAB6DEA029043E9700E6CC8B /* ContentView.swift */; };
		DAB6DEA329043E9800E6CC8B /* Assets.xcassets in Resources */ = {isa = PBXBuildFile; fileRef = DAB6DEA229043E9800E6CC8B /* Assets.xcassets */; };
		DAB6DEA629043E9800E6CC8B /* Preview Assets.xcassets in Resources */ = {isa = PBXBuildFile; fileRef = DAB6DEA529043E9800E6CC8B /* Preview Assets.xcassets */; };
		DAB6DEAF2904534500E6CC8B /* WeekChartColumnView.swift in Sources */ = {isa = PBXBuildFile; fileRef = DAB6DEAE2904534500E6CC8B /* WeekChartColumnView.swift */; };
		DAB6DEB12905689F00E6CC8B /* WeekChartView.swift in Sources */ = {isa = PBXBuildFile; fileRef = DAB6DEB02905689F00E6CC8B /* WeekChartView.swift */; };
		DAB6DEB32905782B00E6CC8B /* WeekChartAverageLineView.swift in Sources */ = {isa = PBXBuildFile; fileRef = DAB6DEB22905782B00E6CC8B /* WeekChartAverageLineView.swift */; };
		DAB6DEB629057AE100E6CC8B /* PanelTitleView.swift in Sources */ = {isa = PBXBuildFile; fileRef = DAB6DEB529057AE100E6CC8B /* PanelTitleView.swift */; };
		DAB6DEB829057C8600E6CC8B /* PanelMessageView.swift in Sources */ = {isa = PBXBuildFile; fileRef = DAB6DEB729057C8600E6CC8B /* PanelMessageView.swift */; };
		DAB6DEBA29057F7400E6CC8B /* PanelCounterView.swift in Sources */ = {isa = PBXBuildFile; fileRef = DAB6DEB929057F7400E6CC8B /* PanelCounterView.swift */; };
		DAB6DEBC290580EC00E6CC8B /* PanelWithCounterView.swift in Sources */ = {isa = PBXBuildFile; fileRef = DAB6DEBB290580EC00E6CC8B /* PanelWithCounterView.swift */; };
		DAB6DEBE2905839600E6CC8B /* PanelWithCounterModel.swift in Sources */ = {isa = PBXBuildFile; fileRef = DAB6DEBD2905839600E6CC8B /* PanelWithCounterModel.swift */; };
		DAB6DEC0290586D500E6CC8B /* PanelWithCounterAndChartView.swift in Sources */ = {isa = PBXBuildFile; fileRef = DAB6DEBF290586D500E6CC8B /* PanelWithCounterAndChartView.swift */; };
		DAB6DEC22905879500E6CC8B /* PanelWithCounterAndChartModel.swift in Sources */ = {isa = PBXBuildFile; fileRef = DAB6DEC12905879500E6CC8B /* PanelWithCounterAndChartModel.swift */; };
		DAB6DEC42905890200E6CC8B /* ChartModel.swift in Sources */ = {isa = PBXBuildFile; fileRef = DAB6DEC32905890200E6CC8B /* ChartModel.swift */; };
		DAB6DEC62905897E00E6CC8B /* ChartColumnModel.swift in Sources */ = {isa = PBXBuildFile; fileRef = DAB6DEC52905897E00E6CC8B /* ChartColumnModel.swift */; };
		DAB6DEC92905953A00E6CC8B /* DashboardData.swift in Sources */ = {isa = PBXBuildFile; fileRef = DAB6DEC82905953A00E6CC8B /* DashboardData.swift */; };
/* End PBXBuildFile section */

/* Begin PBXFileReference section */
		DA2B6535290C6FE800B72240 /* TableView.swift */ = {isa = PBXFileReference; lastKnownFileType = sourcecode.swift; path = TableView.swift; sourceTree = "<group>"; };
		DA2B6537290C716700B72240 /* CarsView.swift */ = {isa = PBXFileReference; lastKnownFileType = sourcecode.swift; path = CarsView.swift; sourceTree = "<group>"; };
		DA2B6539290C717D00B72240 /* GuestsView.swift */ = {isa = PBXFileReference; lastKnownFileType = sourcecode.swift; path = GuestsView.swift; sourceTree = "<group>"; };
		DA2B653B290C726200B72240 /* SettingsView.swift */ = {isa = PBXFileReference; lastKnownFileType = sourcecode.swift; path = SettingsView.swift; sourceTree = "<group>"; };
		DA2FD165290C7E3A00A9F9CC /* GuestDetailsView.swift */ = {isa = PBXFileReference; lastKnownFileType = sourcecode.swift; path = GuestDetailsView.swift; sourceTree = "<group>"; };
		DA2FD167290C7E4D00A9F9CC /* CarDetailsView.swift */ = {isa = PBXFileReference; lastKnownFileType = sourcecode.swift; path = CarDetailsView.swift; sourceTree = "<group>"; };
		DA2FD16A290C82F100A9F9CC /* GuestModel.swift */ = {isa = PBXFileReference; lastKnownFileType = sourcecode.swift; path = GuestModel.swift; sourceTree = "<group>"; };
		DA2FD16C290C852600A9F9CC /* Status.swift */ = {isa = PBXFileReference; lastKnownFileType = sourcecode.swift; path = Status.swift; sourceTree = "<group>"; };
		DA2FD16E290C869000A9F9CC /* GuestData.swift */ = {isa = PBXFileReference; lastKnownFileType = sourcecode.swift; path = GuestData.swift; sourceTree = "<group>"; };
		DA2FD171290C8D8800A9F9CC /* GuestListItemView.swift */ = {isa = PBXFileReference; lastKnownFileType = sourcecode.swift; path = GuestListItemView.swift; sourceTree = "<group>"; };
		DA2FD173290D830B00A9F9CC /* CarListItemView.swift */ = {isa = PBXFileReference; lastKnownFileType = sourcecode.swift; path = CarListItemView.swift; sourceTree = "<group>"; };
		DA2FD175290D843A00A9F9CC /* CarModel.swift */ = {isa = PBXFileReference; lastKnownFileType = sourcecode.swift; path = CarModel.swift; sourceTree = "<group>"; };
		DA2FD177290D892E00A9F9CC /* CarsData.swift */ = {isa = PBXFileReference; lastKnownFileType = sourcecode.swift; path = CarsData.swift; sourceTree = "<group>"; };
		DA2FD17A290DAC7200A9F9CC /* DetailLineView.swift */ = {isa = PBXFileReference; lastKnownFileType = sourcecode.swift; path = DetailLineView.swift; sourceTree = "<group>"; };
		DA2FD17C290DAD3E00A9F9CC /* DetailsActionButtonView.swift */ = {isa = PBXFileReference; lastKnownFileType = sourcecode.swift; path = DetailsActionButtonView.swift; sourceTree = "<group>"; };
		DAB6DE9B29043E9700E6CC8B /* iGuard.app */ = {isa = PBXFileReference; explicitFileType = wrapper.application; includeInIndex = 0; path = iGuard.app; sourceTree = BUILT_PRODUCTS_DIR; };
		DAB6DE9E29043E9700E6CC8B /* iGuardApp.swift */ = {isa = PBXFileReference; lastKnownFileType = sourcecode.swift; path = iGuardApp.swift; sourceTree = "<group>"; };
		DAB6DEA029043E9700E6CC8B /* ContentView.swift */ = {isa = PBXFileReference; lastKnownFileType = sourcecode.swift; path = ContentView.swift; sourceTree = "<group>"; };
		DAB6DEA229043E9800E6CC8B /* Assets.xcassets */ = {isa = PBXFileReference; lastKnownFileType = folder.assetcatalog; path = Assets.xcassets; sourceTree = "<group>"; };
		DAB6DEA529043E9800E6CC8B /* Preview Assets.xcassets */ = {isa = PBXFileReference; lastKnownFileType = folder.assetcatalog; path = "Preview Assets.xcassets"; sourceTree = "<group>"; };
		DAB6DEAE2904534500E6CC8B /* WeekChartColumnView.swift */ = {isa = PBXFileReference; lastKnownFileType = sourcecode.swift; path = WeekChartColumnView.swift; sourceTree = "<group>"; };
		DAB6DEB02905689F00E6CC8B /* WeekChartView.swift */ = {isa = PBXFileReference; lastKnownFileType = sourcecode.swift; path = WeekChartView.swift; sourceTree = "<group>"; };
		DAB6DEB22905782B00E6CC8B /* WeekChartAverageLineView.swift */ = {isa = PBXFileReference; lastKnownFileType = sourcecode.swift; path = WeekChartAverageLineView.swift; sourceTree = "<group>"; };
		DAB6DEB529057AE100E6CC8B /* PanelTitleView.swift */ = {isa = PBXFileReference; lastKnownFileType = sourcecode.swift; path = PanelTitleView.swift; sourceTree = "<group>"; };
		DAB6DEB729057C8600E6CC8B /* PanelMessageView.swift */ = {isa = PBXFileReference; lastKnownFileType = sourcecode.swift; path = PanelMessageView.swift; sourceTree = "<group>"; };
		DAB6DEB929057F7400E6CC8B /* PanelCounterView.swift */ = {isa = PBXFileReference; lastKnownFileType = sourcecode.swift; path = PanelCounterView.swift; sourceTree = "<group>"; };
		DAB6DEBB290580EC00E6CC8B /* PanelWithCounterView.swift */ = {isa = PBXFileReference; lastKnownFileType = sourcecode.swift; path = PanelWithCounterView.swift; sourceTree = "<group>"; };
		DAB6DEBD2905839600E6CC8B /* PanelWithCounterModel.swift */ = {isa = PBXFileReference; lastKnownFileType = sourcecode.swift; path = PanelWithCounterModel.swift; sourceTree = "<group>"; };
		DAB6DEBF290586D500E6CC8B /* PanelWithCounterAndChartView.swift */ = {isa = PBXFileReference; lastKnownFileType = sourcecode.swift; path = PanelWithCounterAndChartView.swift; sourceTree = "<group>"; };
		DAB6DEC12905879500E6CC8B /* PanelWithCounterAndChartModel.swift */ = {isa = PBXFileReference; lastKnownFileType = sourcecode.swift; path = PanelWithCounterAndChartModel.swift; sourceTree = "<group>"; };
		DAB6DEC32905890200E6CC8B /* ChartModel.swift */ = {isa = PBXFileReference; lastKnownFileType = sourcecode.swift; path = ChartModel.swift; sourceTree = "<group>"; };
		DAB6DEC52905897E00E6CC8B /* ChartColumnModel.swift */ = {isa = PBXFileReference; lastKnownFileType = sourcecode.swift; path = ChartColumnModel.swift; sourceTree = "<group>"; };
		DAB6DEC82905953A00E6CC8B /* DashboardData.swift */ = {isa = PBXFileReference; lastKnownFileType = sourcecode.swift; path = DashboardData.swift; sourceTree = "<group>"; };
/* End PBXFileReference section */

/* Begin PBXFrameworksBuildPhase section */
		DAB6DE9829043E9700E6CC8B /* Frameworks */ = {
			isa = PBXFrameworksBuildPhase;
			buildActionMask = 2147483647;
			files = (
			);
			runOnlyForDeploymentPostprocessing = 0;
		};
/* End PBXFrameworksBuildPhase section */

/* Begin PBXGroup section */
		DA2B6532290C6F3400B72240 /* Screen */ = {
			isa = PBXGroup;
			children = (
				DA2B6535290C6FE800B72240 /* TableView.swift */,
				DA2B6537290C716700B72240 /* CarsView.swift */,
				DA2B6539290C717D00B72240 /* GuestsView.swift */,
				DA2B653B290C726200B72240 /* SettingsView.swift */,
				DA2FD165290C7E3A00A9F9CC /* GuestDetailsView.swift */,
				DA2FD167290C7E4D00A9F9CC /* CarDetailsView.swift */,
			);
			path = Screen;
			sourceTree = "<group>";
		};
		DA2FD169290C82DA00A9F9CC /* Model */ = {
			isa = PBXGroup;
			children = (
				DA2FD16A290C82F100A9F9CC /* GuestModel.swift */,
				DA2FD16C290C852600A9F9CC /* Status.swift */,
				DA2FD175290D843A00A9F9CC /* CarModel.swift */,
			);
			path = Model;
			sourceTree = "<group>";
		};
		DA2FD170290C8D6400A9F9CC /* ListItem */ = {
			isa = PBXGroup;
			children = (
				DA2FD171290C8D8800A9F9CC /* GuestListItemView.swift */,
				DA2FD173290D830B00A9F9CC /* CarListItemView.swift */,
			);
			path = ListItem;
			sourceTree = "<group>";
		};
		DA2FD179290DAC4300A9F9CC /* Details */ = {
			isa = PBXGroup;
			children = (
				DA2FD17A290DAC7200A9F9CC /* DetailLineView.swift */,
				DA2FD17C290DAD3E00A9F9CC /* DetailsActionButtonView.swift */,
			);
			path = Details;
			sourceTree = "<group>";
		};
		DAB6DE9229043E9700E6CC8B = {
			isa = PBXGroup;
			children = (
				DAB6DE9D29043E9700E6CC8B /* iGuard */,
				DAB6DE9C29043E9700E6CC8B /* Products */,
			);
			sourceTree = "<group>";
		};
		DAB6DE9C29043E9700E6CC8B /* Products */ = {
			isa = PBXGroup;
			children = (
				DAB6DE9B29043E9700E6CC8B /* iGuard.app */,
			);
			name = Products;
			sourceTree = "<group>";
		};
		DAB6DE9D29043E9700E6CC8B /* iGuard */ = {
			isa = PBXGroup;
			children = (
				DA2FD169290C82DA00A9F9CC /* Model */,
				DA2B6532290C6F3400B72240 /* Screen */,
				DAB6DEC7290594F500E6CC8B /* Data */,
				DAB6DEAC290452F300E6CC8B /* View */,
				DAB6DE9E29043E9700E6CC8B /* iGuardApp.swift */,
				DAB6DEA029043E9700E6CC8B /* ContentView.swift */,
				DAB6DEA229043E9800E6CC8B /* Assets.xcassets */,
				DAB6DEA429043E9800E6CC8B /* Preview Content */,
			);
			path = iGuard;
			sourceTree = "<group>";
		};
		DAB6DEA429043E9800E6CC8B /* Preview Content */ = {
			isa = PBXGroup;
			children = (
				DAB6DEA529043E9800E6CC8B /* Preview Assets.xcassets */,
			);
			path = "Preview Content";
			sourceTree = "<group>";
		};
		DAB6DEAC290452F300E6CC8B /* View */ = {
			isa = PBXGroup;
			children = (
				DA2FD179290DAC4300A9F9CC /* Details */,
				DA2FD170290C8D6400A9F9CC /* ListItem */,
				DAB6DEB429057AA200E6CC8B /* Panel */,
				DAB6DEAD290452FA00E6CC8B /* WeekChart */,
			);
			path = View;
			sourceTree = "<group>";
		};
		DAB6DEAD290452FA00E6CC8B /* WeekChart */ = {
			isa = PBXGroup;
			children = (
				DAB6DEAE2904534500E6CC8B /* WeekChartColumnView.swift */,
				DAB6DEB02905689F00E6CC8B /* WeekChartView.swift */,
				DAB6DEB22905782B00E6CC8B /* WeekChartAverageLineView.swift */,
				DAB6DEC32905890200E6CC8B /* ChartModel.swift */,
				DAB6DEC52905897E00E6CC8B /* ChartColumnModel.swift */,
			);
			path = WeekChart;
			sourceTree = "<group>";
		};
		DAB6DEB429057AA200E6CC8B /* Panel */ = {
			isa = PBXGroup;
			children = (
				DAB6DEB529057AE100E6CC8B /* PanelTitleView.swift */,
				DAB6DEB729057C8600E6CC8B /* PanelMessageView.swift */,
				DAB6DEB929057F7400E6CC8B /* PanelCounterView.swift */,
				DAB6DEBB290580EC00E6CC8B /* PanelWithCounterView.swift */,
				DAB6DEBD2905839600E6CC8B /* PanelWithCounterModel.swift */,
				DAB6DEBF290586D500E6CC8B /* PanelWithCounterAndChartView.swift */,
				DAB6DEC12905879500E6CC8B /* PanelWithCounterAndChartModel.swift */,
			);
			path = Panel;
			sourceTree = "<group>";
		};
		DAB6DEC7290594F500E6CC8B /* Data */ = {
			isa = PBXGroup;
			children = (
				DAB6DEC82905953A00E6CC8B /* DashboardData.swift */,
				DA2FD16E290C869000A9F9CC /* GuestData.swift */,
				DA2FD177290D892E00A9F9CC /* CarsData.swift */,
			);
			path = Data;
			sourceTree = "<group>";
		};
/* End PBXGroup section */

/* Begin PBXNativeTarget section */
		DAB6DE9A29043E9700E6CC8B /* iGuard */ = {
			isa = PBXNativeTarget;
			buildConfigurationList = DAB6DEA929043E9800E6CC8B /* Build configuration list for PBXNativeTarget "iGuard" */;
			buildPhases = (
				DAB6DE9729043E9700E6CC8B /* Sources */,
				DAB6DE9829043E9700E6CC8B /* Frameworks */,
				DAB6DE9929043E9700E6CC8B /* Resources */,
			);
			buildRules = (
			);
			dependencies = (
			);
			name = iGuard;
			productName = iGuard;
			productReference = DAB6DE9B29043E9700E6CC8B /* iGuard.app */;
			productType = "com.apple.product-type.application";
		};
/* End PBXNativeTarget section */

/* Begin PBXProject section */
		DAB6DE9329043E9700E6CC8B /* Project object */ = {
			isa = PBXProject;
			attributes = {
				BuildIndependentTargetsInParallel = 1;
				LastSwiftUpdateCheck = 1400;
				LastUpgradeCheck = 1400;
				TargetAttributes = {
					DAB6DE9A29043E9700E6CC8B = {
						CreatedOnToolsVersion = 14.0;
					};
				};
			};
			buildConfigurationList = DAB6DE9629043E9700E6CC8B /* Build configuration list for PBXProject "iGuard" */;
			compatibilityVersion = "Xcode 14.0";
			developmentRegion = en;
			hasScannedForEncodings = 0;
			knownRegions = (
				en,
				Base,
			);
			mainGroup = DAB6DE9229043E9700E6CC8B;
			productRefGroup = DAB6DE9C29043E9700E6CC8B /* Products */;
			projectDirPath = "";
			projectRoot = "";
			targets = (
				DAB6DE9A29043E9700E6CC8B /* iGuard */,
			);
		};
/* End PBXProject section */

/* Begin PBXResourcesBuildPhase section */
		DAB6DE9929043E9700E6CC8B /* Resources */ = {
			isa = PBXResourcesBuildPhase;
			buildActionMask = 2147483647;
			files = (
				DAB6DEA629043E9800E6CC8B /* Preview Assets.xcassets in Resources */,
				DAB6DEA329043E9800E6CC8B /* Assets.xcassets in Resources */,
			);
			runOnlyForDeploymentPostprocessing = 0;
		};
/* End PBXResourcesBuildPhase section */

/* Begin PBXSourcesBuildPhase section */
		DAB6DE9729043E9700E6CC8B /* Sources */ = {
			isa = PBXSourcesBuildPhase;
			buildActionMask = 2147483647;
			files = (
				DA2FD178290D892E00A9F9CC /* CarsData.swift in Sources */,
				DA2B6538290C716700B72240 /* CarsView.swift in Sources */,
				DAB6DEAF2904534500E6CC8B /* WeekChartColumnView.swift in Sources */,
				DA2FD166290C7E3A00A9F9CC /* GuestDetailsView.swift in Sources */,
				DAB6DEA129043E9700E6CC8B /* ContentView.swift in Sources */,
				DA2FD16B290C82F100A9F9CC /* GuestModel.swift in Sources */,
				DA2FD176290D843A00A9F9CC /* CarModel.swift in Sources */,
				DAB6DEC62905897E00E6CC8B /* ChartColumnModel.swift in Sources */,
				DAB6DEC0290586D500E6CC8B /* PanelWithCounterAndChartView.swift in Sources */,
				DAB6DE9F29043E9700E6CC8B /* iGuardApp.swift in Sources */,
				DAB6DEC22905879500E6CC8B /* PanelWithCounterAndChartModel.swift in Sources */,
				DAB6DEB32905782B00E6CC8B /* WeekChartAverageLineView.swift in Sources */,
				DAB6DEBA29057F7400E6CC8B /* PanelCounterView.swift in Sources */,
				DA2B653A290C717D00B72240 /* GuestsView.swift in Sources */,
				DA2FD174290D830B00A9F9CC /* CarListItemView.swift in Sources */,
				DA2FD17D290DAD3E00A9F9CC /* DetailsActionButtonView.swift in Sources */,
				DA2FD17B290DAC7200A9F9CC /* DetailLineView.swift in Sources */,
				DAB6DEBE2905839600E6CC8B /* PanelWithCounterModel.swift in Sources */,
				DAB6DEBC290580EC00E6CC8B /* PanelWithCounterView.swift in Sources */,
				DA2FD168290C7E4D00A9F9CC /* CarDetailsView.swift in Sources */,
				DAB6DEB629057AE100E6CC8B /* PanelTitleView.swift in Sources */,
				DA2B6536290C6FE800B72240 /* TableView.swift in Sources */,
				DA2FD16D290C852600A9F9CC /* Status.swift in Sources */,
				DAB6DEB829057C8600E6CC8B /* PanelMessageView.swift in Sources */,
				DAB6DEC92905953A00E6CC8B /* DashboardData.swift in Sources */,
				DA2FD16F290C869000A9F9CC /* GuestData.swift in Sources */,
				DAB6DEB12905689F00E6CC8B /* WeekChartView.swift in Sources */,
				DAB6DEC42905890200E6CC8B /* ChartModel.swift in Sources */,
				DA2B653C290C726200B72240 /* SettingsView.swift in Sources */,
				DA2FD172290C8D8800A9F9CC /* GuestListItemView.swift in Sources */,
			);
			runOnlyForDeploymentPostprocessing = 0;
		};
/* End PBXSourcesBuildPhase section */

/* Begin XCBuildConfiguration section */
		DAB6DEA729043E9800E6CC8B /* Debug */ = {
			isa = XCBuildConfiguration;
			buildSettings = {
				ALWAYS_SEARCH_USER_PATHS = NO;
				CLANG_ANALYZER_NONNULL = YES;
				CLANG_ANALYZER_NUMBER_OBJECT_CONVERSION = YES_AGGRESSIVE;
				CLANG_CXX_LANGUAGE_STANDARD = "gnu++20";
				CLANG_ENABLE_MODULES = YES;
				CLANG_ENABLE_OBJC_ARC = YES;
				CLANG_ENABLE_OBJC_WEAK = YES;
				CLANG_WARN_BLOCK_CAPTURE_AUTORELEASING = YES;
				CLANG_WARN_BOOL_CONVERSION = YES;
				CLANG_WARN_COMMA = YES;
				CLANG_WARN_CONSTANT_CONVERSION = YES;
				CLANG_WARN_DEPRECATED_OBJC_IMPLEMENTATIONS = YES;
				CLANG_WARN_DIRECT_OBJC_ISA_USAGE = YES_ERROR;
				CLANG_WARN_DOCUMENTATION_COMMENTS = YES;
				CLANG_WARN_EMPTY_BODY = YES;
				CLANG_WARN_ENUM_CONVERSION = YES;
				CLANG_WARN_INFINITE_RECURSION = YES;
				CLANG_WARN_INT_CONVERSION = YES;
				CLANG_WARN_NON_LITERAL_NULL_CONVERSION = YES;
				CLANG_WARN_OBJC_IMPLICIT_RETAIN_SELF = YES;
				CLANG_WARN_OBJC_LITERAL_CONVERSION = YES;
				CLANG_WARN_OBJC_ROOT_CLASS = YES_ERROR;
				CLANG_WARN_QUOTED_INCLUDE_IN_FRAMEWORK_HEADER = YES;
				CLANG_WARN_RANGE_LOOP_ANALYSIS = YES;
				CLANG_WARN_STRICT_PROTOTYPES = YES;
				CLANG_WARN_SUSPICIOUS_MOVE = YES;
				CLANG_WARN_UNGUARDED_AVAILABILITY = YES_AGGRESSIVE;
				CLANG_WARN_UNREACHABLE_CODE = YES;
				CLANG_WARN__DUPLICATE_METHOD_MATCH = YES;
				COPY_PHASE_STRIP = NO;
				DEBUG_INFORMATION_FORMAT = dwarf;
				ENABLE_STRICT_OBJC_MSGSEND = YES;
				ENABLE_TESTABILITY = YES;
				GCC_C_LANGUAGE_STANDARD = gnu11;
				GCC_DYNAMIC_NO_PIC = NO;
				GCC_NO_COMMON_BLOCKS = YES;
				GCC_OPTIMIZATION_LEVEL = 0;
				GCC_PREPROCESSOR_DEFINITIONS = (
					"DEBUG=1",
					"$(inherited)",
				);
				GCC_WARN_64_TO_32_BIT_CONVERSION = YES;
				GCC_WARN_ABOUT_RETURN_TYPE = YES_ERROR;
				GCC_WARN_UNDECLARED_SELECTOR = YES;
				GCC_WARN_UNINITIALIZED_AUTOS = YES_AGGRESSIVE;
				GCC_WARN_UNUSED_FUNCTION = YES;
				GCC_WARN_UNUSED_VARIABLE = YES;
				IPHONEOS_DEPLOYMENT_TARGET = 16.0;
				MTL_ENABLE_DEBUG_INFO = INCLUDE_SOURCE;
				MTL_FAST_MATH = YES;
				ONLY_ACTIVE_ARCH = YES;
				SDKROOT = iphoneos;
				SWIFT_ACTIVE_COMPILATION_CONDITIONS = DEBUG;
				SWIFT_OPTIMIZATION_LEVEL = "-Onone";
			};
			name = Debug;
		};
		DAB6DEA829043E9800E6CC8B /* Release */ = {
			isa = XCBuildConfiguration;
			buildSettings = {
				ALWAYS_SEARCH_USER_PATHS = NO;
				CLANG_ANALYZER_NONNULL = YES;
				CLANG_ANALYZER_NUMBER_OBJECT_CONVERSION = YES_AGGRESSIVE;
				CLANG_CXX_LANGUAGE_STANDARD = "gnu++20";
				CLANG_ENABLE_MODULES = YES;
				CLANG_ENABLE_OBJC_ARC = YES;
				CLANG_ENABLE_OBJC_WEAK = YES;
				CLANG_WARN_BLOCK_CAPTURE_AUTORELEASING = YES;
				CLANG_WARN_BOOL_CONVERSION = YES;
				CLANG_WARN_COMMA = YES;
				CLANG_WARN_CONSTANT_CONVERSION = YES;
				CLANG_WARN_DEPRECATED_OBJC_IMPLEMENTATIONS = YES;
				CLANG_WARN_DIRECT_OBJC_ISA_USAGE = YES_ERROR;
				CLANG_WARN_DOCUMENTATION_COMMENTS = YES;
				CLANG_WARN_EMPTY_BODY = YES;
				CLANG_WARN_ENUM_CONVERSION = YES;
				CLANG_WARN_INFINITE_RECURSION = YES;
				CLANG_WARN_INT_CONVERSION = YES;
				CLANG_WARN_NON_LITERAL_NULL_CONVERSION = YES;
				CLANG_WARN_OBJC_IMPLICIT_RETAIN_SELF = YES;
				CLANG_WARN_OBJC_LITERAL_CONVERSION = YES;
				CLANG_WARN_OBJC_ROOT_CLASS = YES_ERROR;
				CLANG_WARN_QUOTED_INCLUDE_IN_FRAMEWORK_HEADER = YES;
				CLANG_WARN_RANGE_LOOP_ANALYSIS = YES;
				CLANG_WARN_STRICT_PROTOTYPES = YES;
				CLANG_WARN_SUSPICIOUS_MOVE = YES;
				CLANG_WARN_UNGUARDED_AVAILABILITY = YES_AGGRESSIVE;
				CLANG_WARN_UNREACHABLE_CODE = YES;
				CLANG_WARN__DUPLICATE_METHOD_MATCH = YES;
				COPY_PHASE_STRIP = NO;
				DEBUG_INFORMATION_FORMAT = "dwarf-with-dsym";
				ENABLE_NS_ASSERTIONS = NO;
				ENABLE_STRICT_OBJC_MSGSEND = YES;
				GCC_C_LANGUAGE_STANDARD = gnu11;
				GCC_NO_COMMON_BLOCKS = YES;
				GCC_WARN_64_TO_32_BIT_CONVERSION = YES;
				GCC_WARN_ABOUT_RETURN_TYPE = YES_ERROR;
				GCC_WARN_UNDECLARED_SELECTOR = YES;
				GCC_WARN_UNINITIALIZED_AUTOS = YES_AGGRESSIVE;
				GCC_WARN_UNUSED_FUNCTION = YES;
				GCC_WARN_UNUSED_VARIABLE = YES;
				IPHONEOS_DEPLOYMENT_TARGET = 16.0;
				MTL_ENABLE_DEBUG_INFO = NO;
				MTL_FAST_MATH = YES;
				SDKROOT = iphoneos;
				SWIFT_COMPILATION_MODE = wholemodule;
				SWIFT_OPTIMIZATION_LEVEL = "-O";
				VALIDATE_PRODUCT = YES;
			};
			name = Release;
		};
		DAB6DEAA29043E9800E6CC8B /* Debug */ = {
			isa = XCBuildConfiguration;
			buildSettings = {
				ASSETCATALOG_COMPILER_APPICON_NAME = AppIcon;
				ASSETCATALOG_COMPILER_GLOBAL_ACCENT_COLOR_NAME = AccentColor;
				CODE_SIGN_STYLE = Automatic;
				CURRENT_PROJECT_VERSION = 1;
				DEVELOPMENT_ASSET_PATHS = "\"iGuard/Preview Content\"";
				DEVELOPMENT_TEAM = LYX7J9V6K6;
				ENABLE_PREVIEWS = YES;
				GENERATE_INFOPLIST_FILE = YES;
				INFOPLIST_KEY_UIApplicationSceneManifest_Generation = YES;
				INFOPLIST_KEY_UIApplicationSupportsIndirectInputEvents = YES;
				INFOPLIST_KEY_UILaunchScreen_Generation = YES;
				INFOPLIST_KEY_UISupportedInterfaceOrientations_iPad = "UIInterfaceOrientationPortrait UIInterfaceOrientationPortraitUpsideDown UIInterfaceOrientationLandscapeLeft UIInterfaceOrientationLandscapeRight";
				INFOPLIST_KEY_UISupportedInterfaceOrientations_iPhone = "UIInterfaceOrientationPortrait UIInterfaceOrientationLandscapeLeft UIInterfaceOrientationLandscapeRight";
				LD_RUNPATH_SEARCH_PATHS = (
					"$(inherited)",
					"@executable_path/Frameworks",
				);
				MARKETING_VERSION = 1.0;
				PRODUCT_BUNDLE_IDENTIFIER = com.druigo.iGuard;
				PRODUCT_NAME = "$(TARGET_NAME)";
				SWIFT_EMIT_LOC_STRINGS = YES;
				SWIFT_VERSION = 5.0;
				TARGETED_DEVICE_FAMILY = "1,2";
			};
			name = Debug;
		};
		DAB6DEAB29043E9800E6CC8B /* Release */ = {
			isa = XCBuildConfiguration;
			buildSettings = {
				ASSETCATALOG_COMPILER_APPICON_NAME = AppIcon;
				ASSETCATALOG_COMPILER_GLOBAL_ACCENT_COLOR_NAME = AccentColor;
				CODE_SIGN_STYLE = Automatic;
				CURRENT_PROJECT_VERSION = 1;
				DEVELOPMENT_ASSET_PATHS = "\"iGuard/Preview Content\"";
				DEVELOPMENT_TEAM = LYX7J9V6K6;
				ENABLE_PREVIEWS = YES;
				GENERATE_INFOPLIST_FILE = YES;
				INFOPLIST_KEY_UIApplicationSceneManifest_Generation = YES;
				INFOPLIST_KEY_UIApplicationSupportsIndirectInputEvents = YES;
				INFOPLIST_KEY_UILaunchScreen_Generation = YES;
				INFOPLIST_KEY_UISupportedInterfaceOrientations_iPad = "UIInterfaceOrientationPortrait UIInterfaceOrientationPortraitUpsideDown UIInterfaceOrientationLandscapeLeft UIInterfaceOrientationLandscapeRight";
				INFOPLIST_KEY_UISupportedInterfaceOrientations_iPhone = "UIInterfaceOrientationPortrait UIInterfaceOrientationLandscapeLeft UIInterfaceOrientationLandscapeRight";
				LD_RUNPATH_SEARCH_PATHS = (
					"$(inherited)",
					"@executable_path/Frameworks",
				);
				MARKETING_VERSION = 1.0;
				PRODUCT_BUNDLE_IDENTIFIER = com.druigo.iGuard;
				PRODUCT_NAME = "$(TARGET_NAME)";
				SWIFT_EMIT_LOC_STRINGS = YES;
				SWIFT_VERSION = 5.0;
				TARGETED_DEVICE_FAMILY = "1,2";
			};
			name = Release;
		};
/* End XCBuildConfiguration section */

/* Begin XCConfigurationList section */
		DAB6DE9629043E9700E6CC8B /* Build configuration list for PBXProject "iGuard" */ = {
			isa = XCConfigurationList;
			buildConfigurations = (
				DAB6DEA729043E9800E6CC8B /* Debug */,
				DAB6DEA829043E9800E6CC8B /* Release */,
			);
			defaultConfigurationIsVisible = 0;
			defaultConfigurationName = Release;
		};
		DAB6DEA929043E9800E6CC8B /* Build configuration list for PBXNativeTarget "iGuard" */ = {
			isa = XCConfigurationList;
			buildConfigurations = (
				DAB6DEAA29043E9800E6CC8B /* Debug */,
				DAB6DEAB29043E9800E6CC8B /* Release */,
			);
			defaultConfigurationIsVisible = 0;
			defaultConfigurationName = Release;
		};
/* End XCConfigurationList section */
	};
	rootObject = DAB6DE9329043E9700E6CC8B /* Project object */;
}
